<?xml version="1.0" encoding="utf-8"?>
<Project ToolsVersion="4.0" xmlns="http://schemas.microsoft.com/developer/msbuild/2003">
  <ItemGroup>
    <Filter Include="리소스 파일">
      <UniqueIdentifier>{67DA6AB6-F800-4c08-8B7A-83BB121AAD01}</UniqueIdentifier>
      <Extensions>rc;ico;cur;bmp;dlg;rc2;rct;bin;rgs;gif;jpg;jpeg;jpe;resx;tiff;tif;png;wav;mfcribbon-ms</Extensions>
    </Filter>
    <Filter Include="01.MainGame">
      <UniqueIdentifier>{f8fec2c4-f50e-46cd-947f-9c8bcc9690b8}</UniqueIdentifier>
    </Filter>
    <Filter Include="02.Scene">
      <UniqueIdentifier>{d351b6d9-4c36-4976-80a4-2861a74377a0}</UniqueIdentifier>
    </Filter>
    <Filter Include="03.GameObject">
      <UniqueIdentifier>{c995db71-c0a5-47b1-ae09-a2dccc29b7ea}</UniqueIdentifier>
    </Filter>
    <Filter Include="99.Default">
      <UniqueIdentifier>{f90bab15-400b-47cf-92d2-bc83a3e15042}</UniqueIdentifier>
    </Filter>
    <Filter Include="98.Headers">
      <UniqueIdentifier>{d349b415-2285-42cf-9ba0-c5236611e452}</UniqueIdentifier>
    </Filter>
    <Filter Include="97.GraphicDevice">
      <UniqueIdentifier>{c45d5e37-f375-4f93-8ef7-d09cddc8f9b1}</UniqueIdentifier>
    </Filter>
    <Filter Include="95.Manager">
      <UniqueIdentifier>{f0baacfc-bf89-4fbc-ab53-738ba6d12191}</UniqueIdentifier>
    </Filter>
    <Filter Include="95.Manager\01.FPS">
      <UniqueIdentifier>{ff98c981-8f7d-44b0-b6ba-9ce623d42790}</UniqueIdentifier>
    </Filter>
    <Filter Include="96.Texture">
      <UniqueIdentifier>{2097b1a1-a421-463e-be3b-3e9d43147db5}</UniqueIdentifier>
    </Filter>
    <Filter Include="95.Manager\02.Time">
      <UniqueIdentifier>{b531088c-b699-4cdb-8afc-a93ffba677fd}</UniqueIdentifier>
    </Filter>
  </ItemGroup>
  <ItemGroup>
    <ClInclude Include="D2D_Game_Dungreed.h">
      <Filter>99.Default</Filter>
    </ClInclude>
    <ClInclude Include="framework.h">
      <Filter>99.Default</Filter>
    </ClInclude>
    <ClInclude Include="Resource.h">
      <Filter>99.Default</Filter>
    </ClInclude>
    <ClInclude Include="targetver.h">
      <Filter>99.Default</Filter>
    </ClInclude>
    <ClInclude Include="Constexpr.h">
      <Filter>98.Headers</Filter>
    </ClInclude>
    <ClInclude Include="Extern.h">
      <Filter>98.Headers</Filter>
    </ClInclude>
    <ClInclude Include="Headers.h">
      <Filter>98.Headers</Filter>
    </ClInclude>
    <ClInclude Include="Structs.h">
      <Filter>98.Headers</Filter>
    </ClInclude>
    <ClInclude Include="GraphicDevice.h">
      <Filter>97.GraphicDevice</Filter>
    </ClInclude>
    <ClInclude Include="SingletonMacro.h">
      <Filter>98.Headers</Filter>
    </ClInclude>
    <ClInclude Include="MainGame.h">
      <Filter>01.MainGame</Filter>
    </ClInclude>
    <ClInclude Include="Scene.h">
      <Filter>02.Scene</Filter>
    </ClInclude>
    <ClInclude Include="GameObject.h">
      <Filter>03.GameObject</Filter>
    </ClInclude>
    <ClInclude Include="Define.h">
      <Filter>98.Headers</Filter>
    </ClInclude>
    <ClInclude Include="Enums.h">
      <Filter>98.Headers</Filter>
    </ClInclude>
    <ClInclude Include="Template.h">
      <Filter>98.Headers</Filter>
    </ClInclude>
    <ClInclude Include="FPS_Manager.h">
      <Filter>95.Manager\01.FPS</Filter>
    </ClInclude>
    <ClInclude Include="TimeManager.h">
      <Filter>95.Manager\02.Time</Filter>
    </ClInclude>
  </ItemGroup>
  <ItemGroup>
    <ResourceCompile Include="D2D_Game_Dungreed.rc">
      <Filter>리소스 파일</Filter>
    </ResourceCompile>
  </ItemGroup>
  <ItemGroup>
    <Image Include="small.ico">
      <Filter>리소스 파일</Filter>
    </Image>
    <Image Include="D2D_Game_Dungreed.ico">
      <Filter>리소스 파일</Filter>
    </Image>
  </ItemGroup>
  <ItemGroup>
    <ClCompile Include="D2D_Game_Dungreed.cpp">
      <Filter>99.Default</Filter>
    </ClCompile>
    <ClCompile Include="GraphicDevice.cpp">
      <Filter>97.GraphicDevice</Filter>
    </ClCompile>
    <ClCompile Include="MainGame.cpp">
      <Filter>01.MainGame</Filter>
    </ClCompile>
    <ClCompile Include="Scene.cpp">
      <Filter>02.Scene</Filter>
    </ClCompile>
    <ClCompile Include="GameObject.cpp">
      <Filter>03.GameObject</Filter>
    </ClCompile>
    <ClCompile Include="FPS_Manager.cpp">
      <Filter>95.Manager\01.FPS</Filter>
    </ClCompile>
    <ClCompile Include="TimeManager.cpp">
      <Filter>95.Manager\02.Time</Filter>
    </ClCompile>
  </ItemGroup>
</Project>